
Microsoft Visual Studio Solution File, Format Version 12.00
# Visual Studio Version 16
VisualStudioVersion = 16.0.30413.136
MinimumVisualStudioVersion = 10.0.40219.1
Project("{FAE04EC0-301F-11D3-BF4B-00C04F79EFBC}") = "Dupler_MIS4200", "Dupler_MIS4200.csproj", "{1D4AC53E-98E7-462F-A4A7-5B9C7E3C09BD}"
EndProject
Global
	GlobalSection(SolutionConfigurationPlatforms) = preSolution
		Debug|Any CPU = Debug|Any CPU
		Release|Any CPU = Release|Any CPU
	EndGlobalSection
	GlobalSection(ProjectConfigurationPlatforms) = postSolution
		{1D4AC53E-98E7-462F-A4A7-5B9C7E3C09BD}.Debug|Any CPU.ActiveCfg = Debug|Any CPU
		{1D4AC53E-98E7-462F-A4A7-5B9C7E3C09BD}.Debug|Any CPU.Build.0 = Debug|Any CPU
		{1D4AC53E-98E7-462F-A4A7-5B9C7E3C09BD}.Release|Any CPU.ActiveCfg = Release|Any CPU
		{1D4AC53E-98E7-462F-A4A7-5B9C7E3C09BD}.Release|Any CPU.Build.0 = Release|Any CPU
	EndGlobalSection
	GlobalSection(SolutionProperties) = preSolution
		HideSolutionNode = FALSE
	EndGlobalSection
	GlobalSection(ExtensibilityGlobals) = postSolution
		SolutionGuid = {511EC5D5-5B4C-4BE4-91AB-D750769A7D9F}
	EndGlobalSection
EndGlobal
